
Microsoft Visual Studio Solution File, Format Version 12.00
# Visual Studio Version 16
VisualStudioVersion = 16.0.31025.194
MinimumVisualStudioVersion = 10.0.40219.1
Project("{FAE04EC0-301F-11D3-BF4B-00C04F79EFBC}") = "ATT Tool", "ATT Tool.csproj", "{019B8706-02DD-41F2-B71F-7CCF9E9B947D}"
EndProject
Global
	GlobalSection(SolutionConfigurationPlatforms) = preSolution
		Debug|Any CPU = Debug|Any CPU
		Release|Any CPU = Release|Any CPU
	EndGlobalSection
	GlobalSection(ProjectConfigurationPlatforms) = postSolution
		{019B8706-02DD-41F2-B71F-7CCF9E9B947D}.Debug|Any CPU.ActiveCfg = Debug|Any CPU
		{019B8706-02DD-41F2-B71F-7CCF9E9B947D}.Debug|Any CPU.Build.0 = Debug|Any CPU
		{019B8706-02DD-41F2-B71F-7CCF9E9B947D}.Release|Any CPU.ActiveCfg = Release|Any CPU
		{019B8706-02DD-41F2-B71F-7CCF9E9B947D}.Release|Any CPU.Build.0 = Release|Any CPU
	EndGlobalSection
	GlobalSection(SolutionProperties) = preSolution
		HideSolutionNode = FALSE
	EndGlobalSection
	GlobalSection(ExtensibilityGlobals) = postSolution
		SolutionGuid = {B401DD35-49DE-4C37-A7DE-E224244F5B27}
	EndGlobalSection
EndGlobal
